
Microsoft Visual Studio Solution File, Format Version 12.00
# Visual Studio Version 17
VisualStudioVersion = 17.7.34024.191
MinimumVisualStudioVersion = 10.0.40219.1
Project("{FAE04EC0-301F-11D3-BF4B-00C04F79EFBC}") = "WebApplication12", "WebApplication12\WebApplication12.csproj", "{2E6AFBDD-ED57-41A5-903B-1037B55B4CEE}"
EndProject
Global
	GlobalSection(SolutionConfigurationPlatforms) = preSolution
		Debug|Any CPU = Debug|Any CPU
		Release|Any CPU = Release|Any CPU
	EndGlobalSection
	GlobalSection(ProjectConfigurationPlatforms) = postSolution
		{2E6AFBDD-ED57-41A5-903B-1037B55B4CEE}.Debug|Any CPU.ActiveCfg = Debug|Any CPU
		{2E6AFBDD-ED57-41A5-903B-1037B55B4CEE}.Debug|Any CPU.Build.0 = Debug|Any CPU
		{2E6AFBDD-ED57-41A5-903B-1037B55B4CEE}.Release|Any CPU.ActiveCfg = Release|Any CPU
		{2E6AFBDD-ED57-41A5-903B-1037B55B4CEE}.Release|Any CPU.Build.0 = Release|Any CPU
	EndGlobalSection
	GlobalSection(SolutionProperties) = preSolution
		HideSolutionNode = FALSE
	EndGlobalSection
	GlobalSection(ExtensibilityGlobals) = postSolution
		SolutionGuid = {3677F2DB-E3EA-4589-B0E8-57533FEA70E8}
	EndGlobalSection
EndGlobal
